
Microsoft Visual Studio Solution File, Format Version 12.00
# Visual Studio Version 17
VisualStudioVersion = 17.3.32804.467
MinimumVisualStudioVersion = 10.0.40219.1
Project("{8BC9CEB8-8B4A-11D0-8D11-00A0C91BC942}") = "AJOU code2-3", "AJOU code2-3.vcxproj", "{6B17B2A0-EC25-4472-B3F7-51C7C9D1322E}"
EndProject
Global
	GlobalSection(SolutionConfigurationPlatforms) = preSolution
		Debug|x64 = Debug|x64
		Debug|x86 = Debug|x86
		Release|x64 = Release|x64
		Release|x86 = Release|x86
	EndGlobalSection
	GlobalSection(ProjectConfigurationPlatforms) = postSolution
		{6B17B2A0-EC25-4472-B3F7-51C7C9D1322E}.Debug|x64.ActiveCfg = Debug|x64
		{6B17B2A0-EC25-4472-B3F7-51C7C9D1322E}.Debug|x64.Build.0 = Debug|x64
		{6B17B2A0-EC25-4472-B3F7-51C7C9D1322E}.Debug|x86.ActiveCfg = Debug|Win32
		{6B17B2A0-EC25-4472-B3F7-51C7C9D1322E}.Debug|x86.Build.0 = Debug|Win32
		{6B17B2A0-EC25-4472-B3F7-51C7C9D1322E}.Release|x64.ActiveCfg = Release|x64
		{6B17B2A0-EC25-4472-B3F7-51C7C9D1322E}.Release|x64.Build.0 = Release|x64
		{6B17B2A0-EC25-4472-B3F7-51C7C9D1322E}.Release|x86.ActiveCfg = Release|Win32
		{6B17B2A0-EC25-4472-B3F7-51C7C9D1322E}.Release|x86.Build.0 = Release|Win32
	EndGlobalSection
	GlobalSection(SolutionProperties) = preSolution
		HideSolutionNode = FALSE
	EndGlobalSection
	GlobalSection(ExtensibilityGlobals) = postSolution
		SolutionGuid = {0FA6A5E5-DA38-41D4-AAD7-FA3EA28E3CE7}
	EndGlobalSection
EndGlobal
