
Microsoft Visual Studio Solution File, Format Version 12.00
# Visual Studio Version 17
VisualStudioVersion = 17.4.33103.184
MinimumVisualStudioVersion = 10.0.40219.1
Project("{8BC9CEB8-8B4A-11D0-8D11-00A0C91BC942}") = "AJOU code10", "AJOU code10.vcxproj", "{B1A129AC-EE09-4FB6-AF0C-7B23A4398FBF}"
EndProject
Global
	GlobalSection(SolutionConfigurationPlatforms) = preSolution
		Debug|x64 = Debug|x64
		Debug|x86 = Debug|x86
		Release|x64 = Release|x64
		Release|x86 = Release|x86
	EndGlobalSection
	GlobalSection(ProjectConfigurationPlatforms) = postSolution
		{B1A129AC-EE09-4FB6-AF0C-7B23A4398FBF}.Debug|x64.ActiveCfg = Debug|x64
		{B1A129AC-EE09-4FB6-AF0C-7B23A4398FBF}.Debug|x64.Build.0 = Debug|x64
		{B1A129AC-EE09-4FB6-AF0C-7B23A4398FBF}.Debug|x86.ActiveCfg = Debug|Win32
		{B1A129AC-EE09-4FB6-AF0C-7B23A4398FBF}.Debug|x86.Build.0 = Debug|Win32
		{B1A129AC-EE09-4FB6-AF0C-7B23A4398FBF}.Release|x64.ActiveCfg = Release|x64
		{B1A129AC-EE09-4FB6-AF0C-7B23A4398FBF}.Release|x64.Build.0 = Release|x64
		{B1A129AC-EE09-4FB6-AF0C-7B23A4398FBF}.Release|x86.ActiveCfg = Release|Win32
		{B1A129AC-EE09-4FB6-AF0C-7B23A4398FBF}.Release|x86.Build.0 = Release|Win32
	EndGlobalSection
	GlobalSection(SolutionProperties) = preSolution
		HideSolutionNode = FALSE
	EndGlobalSection
	GlobalSection(ExtensibilityGlobals) = postSolution
		SolutionGuid = {CCA5458E-0D0C-4149-9810-CC331F297047}
	EndGlobalSection
EndGlobal
